// !$*UTF8*$!
{
	archiveVersion = 1;
	classes = {
	};
	objectVersion = 48;
	objects = {

/* Begin PBXBuildFile section */
		C11B916C1FA91D32001DFB50 /* JTAppleCalendar.framework in Frameworks */ = {isa = PBXBuildFile; fileRef = C11B916B1FA91D32001DFB50 /* JTAppleCalendar.framework */; };
		C11B916D1FA91D32001DFB50 /* JTAppleCalendar.framework in Embed Frameworks */ = {isa = PBXBuildFile; fileRef = C11B916B1FA91D32001DFB50 /* JTAppleCalendar.framework */; settings = {ATTRIBUTES = (CodeSignOnCopy, RemoveHeadersOnCopy, ); }; };
		C12E7C711FA640C8007A81BB /* Assets.xcassets in Resources */ = {isa = PBXBuildFile; fileRef = C12E7C701FA640C8007A81BB /* Assets.xcassets */; };
		C12E7C731FA65450007A81BB /* calendarViewController.swift in Sources */ = {isa = PBXBuildFile; fileRef = C12E7C721FA65450007A81BB /* calendarViewController.swift */; };
		C12E7C751FA654BF007A81BB /* trendsViewController.swift in Sources */ = {isa = PBXBuildFile; fileRef = C12E7C741FA654BF007A81BB /* trendsViewController.swift */; };
		C15C69171FAA568300F7A741 /* Charts.framework in Frameworks */ = {isa = PBXBuildFile; fileRef = C15C69161FAA568300F7A741 /* Charts.framework */; };
		C15C69181FAA568300F7A741 /* Charts.framework in Embed Frameworks */ = {isa = PBXBuildFile; fileRef = C15C69161FAA568300F7A741 /* Charts.framework */; settings = {ATTRIBUTES = (CodeSignOnCopy, RemoveHeadersOnCopy, ); }; };
		C1610E561FAF94A900FD7D30 /* CustomCell.swift in Sources */ = {isa = PBXBuildFile; fileRef = C1610E551FAF94A900FD7D30 /* CustomCell.swift */; };
		C1755D211F959EB1002DE747 /* AppDelegate.swift in Sources */ = {isa = PBXBuildFile; fileRef = C1755D201F959EB1002DE747 /* AppDelegate.swift */; };
		C1755D231F959EB1002DE747 /* WelcomeViewController.swift in Sources */ = {isa = PBXBuildFile; fileRef = C1755D221F959EB1002DE747 /* WelcomeViewController.swift */; };
		C1755D261F959EB1002DE747 /* Main.storyboard in Resources */ = {isa = PBXBuildFile; fileRef = C1755D241F959EB1002DE747 /* Main.storyboard */; };
		C1755D2B1F959EB1002DE747 /* LaunchScreen.storyboard in Resources */ = {isa = PBXBuildFile; fileRef = C1755D291F959EB1002DE747 /* LaunchScreen.storyboard */; };
		C1806E321F95A41C003FC235 /* FaveButton.framework in Frameworks */ = {isa = PBXBuildFile; fileRef = C1806E2F1F95A41C003FC235 /* FaveButton.framework */; };
		C1806E331F95A41C003FC235 /* FaveButton.framework in Embed Frameworks */ = {isa = PBXBuildFile; fileRef = C1806E2F1F95A41C003FC235 /* FaveButton.framework */; settings = {ATTRIBUTES = (CodeSignOnCopy, RemoveHeadersOnCopy, ); }; };
		C1806E341F95A41C003FC235 /* SnapKit.framework in Frameworks */ = {isa = PBXBuildFile; fileRef = C1806E301F95A41C003FC235 /* SnapKit.framework */; };
		C1806E351F95A41C003FC235 /* SnapKit.framework in Embed Frameworks */ = {isa = PBXBuildFile; fileRef = C1806E301F95A41C003FC235 /* SnapKit.framework */; settings = {ATTRIBUTES = (CodeSignOnCopy, RemoveHeadersOnCopy, ); }; };
		C1806E361F95A41C003FC235 /* ZLSwipeableViewSwift.framework in Frameworks */ = {isa = PBXBuildFile; fileRef = C1806E311F95A41C003FC235 /* ZLSwipeableViewSwift.framework */; };
		C1806E371F95A41C003FC235 /* ZLSwipeableViewSwift.framework in Embed Frameworks */ = {isa = PBXBuildFile; fileRef = C1806E311F95A41C003FC235 /* ZLSwipeableViewSwift.framework */; settings = {ATTRIBUTES = (CodeSignOnCopy, RemoveHeadersOnCopy, ); }; };
		C1806E3A1F95AB7B003FC235 /* todayViewController.swift in Sources */ = {isa = PBXBuildFile; fileRef = C1806E391F95AB7B003FC235 /* todayViewController.swift */; };
		C1806E3C1F95AB8E003FC235 /* historyViewController.swift in Sources */ = {isa = PBXBuildFile; fileRef = C1806E3B1F95AB8E003FC235 /* historyViewController.swift */; };
		C19CB6831FA9259900FB807E /* thViewController.swift in Sources */ = {isa = PBXBuildFile; fileRef = C19CB6821FA9259900FB807E /* thViewController.swift */; };
		C1B1ED0A1FA41DE1008083F9 /* pamViewController.swift in Sources */ = {isa = PBXBuildFile; fileRef = C1B1ED091FA41DE1008083F9 /* pamViewController.swift */; };
		C1B1ED0C1FA41E1C008083F9 /* activityViewController.swift in Sources */ = {isa = PBXBuildFile; fileRef = C1B1ED0B1FA41E1C008083F9 /* activityViewController.swift */; };
		C1B1ED0E1FA41E2C008083F9 /* medicationViewController.swift in Sources */ = {isa = PBXBuildFile; fileRef = C1B1ED0D1FA41E2C008083F9 /* medicationViewController.swift */; };
/* End PBXBuildFile section */

/* Begin PBXCopyFilesBuildPhase section */
		C1806E381F95A41C003FC235 /* Embed Frameworks */ = {
			isa = PBXCopyFilesBuildPhase;
			buildActionMask = 2147483647;
			dstPath = "";
			dstSubfolderSpec = 10;
			files = (
				C1806E331F95A41C003FC235 /* FaveButton.framework in Embed Frameworks */,
				C1806E371F95A41C003FC235 /* ZLSwipeableViewSwift.framework in Embed Frameworks */,
				C15C69181FAA568300F7A741 /* Charts.framework in Embed Frameworks */,
				C1806E351F95A41C003FC235 /* SnapKit.framework in Embed Frameworks */,
				C11B916D1FA91D32001DFB50 /* JTAppleCalendar.framework in Embed Frameworks */,
			);
			name = "Embed Frameworks";
			runOnlyForDeploymentPostprocessing = 0;
		};
/* End PBXCopyFilesBuildPhase section */

/* Begin PBXFileReference section */
		C11B916B1FA91D32001DFB50 /* JTAppleCalendar.framework */ = {isa = PBXFileReference; lastKnownFileType = wrapper.framework; name = JTAppleCalendar.framework; path = Carthage/Build/iOS/JTAppleCalendar.framework; sourceTree = "<group>"; };
		C12E7C701FA640C8007A81BB /* Assets.xcassets */ = {isa = PBXFileReference; lastKnownFileType = folder.assetcatalog; path = Assets.xcassets; sourceTree = "<group>"; };
		C12E7C721FA65450007A81BB /* calendarViewController.swift */ = {isa = PBXFileReference; lastKnownFileType = sourcecode.swift; path = calendarViewController.swift; sourceTree = "<group>"; };
		C12E7C741FA654BF007A81BB /* trendsViewController.swift */ = {isa = PBXFileReference; lastKnownFileType = sourcecode.swift; path = trendsViewController.swift; sourceTree = "<group>"; };
		C15C69161FAA568300F7A741 /* Charts.framework */ = {isa = PBXFileReference; lastKnownFileType = wrapper.framework; name = Charts.framework; path = Carthage/Build/iOS/Charts.framework; sourceTree = "<group>"; };
		C1610E551FAF94A900FD7D30 /* CustomCell.swift */ = {isa = PBXFileReference; lastKnownFileType = sourcecode.swift; path = CustomCell.swift; sourceTree = "<group>"; };
		C1755D1D1F959EB1002DE747 /* patient.app */ = {isa = PBXFileReference; explicitFileType = wrapper.application; includeInIndex = 0; path = patient.app; sourceTree = BUILT_PRODUCTS_DIR; };
		C1755D201F959EB1002DE747 /* AppDelegate.swift */ = {isa = PBXFileReference; lastKnownFileType = sourcecode.swift; path = AppDelegate.swift; sourceTree = "<group>"; };
		C1755D221F959EB1002DE747 /* WelcomeViewController.swift */ = {isa = PBXFileReference; lastKnownFileType = sourcecode.swift; path = WelcomeViewController.swift; sourceTree = "<group>"; };
		C1755D251F959EB1002DE747 /* Base */ = {isa = PBXFileReference; lastKnownFileType = file.storyboard; name = Base; path = Base.lproj/Main.storyboard; sourceTree = "<group>"; };
		C1755D2A1F959EB1002DE747 /* Base */ = {isa = PBXFileReference; lastKnownFileType = file.storyboard; name = Base; path = Base.lproj/LaunchScreen.storyboard; sourceTree = "<group>"; };
		C1755D2C1F959EB1002DE747 /* Info.plist */ = {isa = PBXFileReference; lastKnownFileType = text.plist.xml; path = Info.plist; sourceTree = "<group>"; };
		C1806E221F95A045003FC235 /* SnapKit.framework */ = {isa = PBXFileReference; lastKnownFileType = wrapper.framework; name = SnapKit.framework; path = Carthage/Build/iOS/SnapKit.framework; sourceTree = "<group>"; };
		C1806E231F95A045003FC235 /* FaveButton.framework */ = {isa = PBXFileReference; lastKnownFileType = wrapper.framework; name = FaveButton.framework; path = Carthage/Build/iOS/FaveButton.framework; sourceTree = "<group>"; };
		C1806E241F95A045003FC235 /* ZLSwipeableViewSwift.framework */ = {isa = PBXFileReference; lastKnownFileType = wrapper.framework; name = ZLSwipeableViewSwift.framework; path = Carthage/Build/iOS/ZLSwipeableViewSwift.framework; sourceTree = "<group>"; };
		C1806E2F1F95A41C003FC235 /* FaveButton.framework */ = {isa = PBXFileReference; lastKnownFileType = wrapper.framework; name = FaveButton.framework; path = Carthage/Build/iOS/FaveButton.framework; sourceTree = "<group>"; };
		C1806E301F95A41C003FC235 /* SnapKit.framework */ = {isa = PBXFileReference; lastKnownFileType = wrapper.framework; name = SnapKit.framework; path = Carthage/Build/iOS/SnapKit.framework; sourceTree = "<group>"; };
		C1806E311F95A41C003FC235 /* ZLSwipeableViewSwift.framework */ = {isa = PBXFileReference; lastKnownFileType = wrapper.framework; name = ZLSwipeableViewSwift.framework; path = Carthage/Build/iOS/ZLSwipeableViewSwift.framework; sourceTree = "<group>"; };
		C1806E391F95AB7B003FC235 /* todayViewController.swift */ = {isa = PBXFileReference; lastKnownFileType = sourcecode.swift; path = todayViewController.swift; sourceTree = "<group>"; };
		C1806E3B1F95AB8E003FC235 /* historyViewController.swift */ = {isa = PBXFileReference; lastKnownFileType = sourcecode.swift; path = historyViewController.swift; sourceTree = "<group>"; };
		C19CB67F1FA9222700FB807E /* Charts.framework */ = {isa = PBXFileReference; lastKnownFileType = wrapper.framework; name = Charts.framework; path = Carthage/Build/iOS/Charts.framework; sourceTree = "<group>"; };
		C19CB6821FA9259900FB807E /* thViewController.swift */ = {isa = PBXFileReference; lastKnownFileType = sourcecode.swift; path = thViewController.swift; sourceTree = "<group>"; };
		C1B1ED091FA41DE1008083F9 /* pamViewController.swift */ = {isa = PBXFileReference; lastKnownFileType = sourcecode.swift; path = pamViewController.swift; sourceTree = "<group>"; };
		C1B1ED0B1FA41E1C008083F9 /* activityViewController.swift */ = {isa = PBXFileReference; lastKnownFileType = sourcecode.swift; path = activityViewController.swift; sourceTree = "<group>"; };
		C1B1ED0D1FA41E2C008083F9 /* medicationViewController.swift */ = {isa = PBXFileReference; lastKnownFileType = sourcecode.swift; path = medicationViewController.swift; sourceTree = "<group>"; };
/* End PBXFileReference section */

/* Begin PBXFrameworksBuildPhase section */
		C1755D1A1F959EB1002DE747 /* Frameworks */ = {
			isa = PBXFrameworksBuildPhase;
			buildActionMask = 2147483647;
			files = (
				C1806E321F95A41C003FC235 /* FaveButton.framework in Frameworks */,
				C11B916C1FA91D32001DFB50 /* JTAppleCalendar.framework in Frameworks */,
				C15C69171FAA568300F7A741 /* Charts.framework in Frameworks */,
				C1806E361F95A41C003FC235 /* ZLSwipeableViewSwift.framework in Frameworks */,
				C1806E341F95A41C003FC235 /* SnapKit.framework in Frameworks */,
			);
			runOnlyForDeploymentPostprocessing = 0;
		};
/* End PBXFrameworksBuildPhase section */

/* Begin PBXGroup section */
		C1755D141F959EB1002DE747 = {
			isa = PBXGroup;
			children = (
				C19CB67F1FA9222700FB807E /* Charts.framework */,
				C15C69161FAA568300F7A741 /* Charts.framework */,
				C11B916B1FA91D32001DFB50 /* JTAppleCalendar.framework */,
				C1806E2F1F95A41C003FC235 /* FaveButton.framework */,
				C1806E301F95A41C003FC235 /* SnapKit.framework */,
				C1806E311F95A41C003FC235 /* ZLSwipeableViewSwift.framework */,
				C1755D1F1F959EB1002DE747 /* patient */,
				C1755D1E1F959EB1002DE747 /* Products */,
				C1806E211F95A045003FC235 /* Frameworks */,
			);
			sourceTree = "<group>";
		};
		C1755D1E1F959EB1002DE747 /* Products */ = {
			isa = PBXGroup;
			children = (
				C1755D1D1F959EB1002DE747 /* patient.app */,
			);
			name = Products;
			sourceTree = "<group>";
		};
		C1755D1F1F959EB1002DE747 /* patient */ = {
			isa = PBXGroup;
			children = (
				C12E7C701FA640C8007A81BB /* Assets.xcassets */,
				C1755D201F959EB1002DE747 /* AppDelegate.swift */,
				C1755D221F959EB1002DE747 /* WelcomeViewController.swift */,
				C1755D241F959EB1002DE747 /* Main.storyboard */,
				C1755D291F959EB1002DE747 /* LaunchScreen.storyboard */,
				C1755D2C1F959EB1002DE747 /* Info.plist */,
				C1806E391F95AB7B003FC235 /* todayViewController.swift */,
				C1806E3B1F95AB8E003FC235 /* historyViewController.swift */,
				C1B1ED091FA41DE1008083F9 /* pamViewController.swift */,
				C1B1ED0B1FA41E1C008083F9 /* activityViewController.swift */,
				C1B1ED0D1FA41E2C008083F9 /* medicationViewController.swift */,
				C12E7C721FA65450007A81BB /* calendarViewController.swift */,
				C12E7C741FA654BF007A81BB /* trendsViewController.swift */,
				C19CB6821FA9259900FB807E /* thViewController.swift */,
				C1610E551FAF94A900FD7D30 /* CustomCell.swift */,
			);
			path = patient;
			sourceTree = "<group>";
		};
		C1806E211F95A045003FC235 /* Frameworks */ = {
			isa = PBXGroup;
			children = (
				C1806E231F95A045003FC235 /* FaveButton.framework */,
				C1806E221F95A045003FC235 /* SnapKit.framework */,
				C1806E241F95A045003FC235 /* ZLSwipeableViewSwift.framework */,
			);
			name = Frameworks;
			sourceTree = "<group>";
		};
/* End PBXGroup section */

/* Begin PBXNativeTarget section */
		C1755D1C1F959EB1002DE747 /* patient */ = {
			isa = PBXNativeTarget;
			buildConfigurationList = C1755D2F1F959EB1002DE747 /* Build configuration list for PBXNativeTarget "patient" */;
			buildPhases = (
				C1755D191F959EB1002DE747 /* Sources */,
				C1755D1A1F959EB1002DE747 /* Frameworks */,
				C1755D1B1F959EB1002DE747 /* Resources */,
				C1806E381F95A41C003FC235 /* Embed Frameworks */,
			);
			buildRules = (
			);
			dependencies = (
			);
			name = patient;
			productName = patient;
			productReference = C1755D1D1F959EB1002DE747 /* patient.app */;
			productType = "com.apple.product-type.application";
		};
/* End PBXNativeTarget section */

/* Begin PBXProject section */
		C1755D151F959EB1002DE747 /* Project object */ = {
			isa = PBXProject;
			attributes = {
				LastSwiftUpdateCheck = 0900;
				LastUpgradeCheck = 0900;
				ORGANIZATIONNAME = "卢晓航";
				TargetAttributes = {
					C1755D1C1F959EB1002DE747 = {
						CreatedOnToolsVersion = 9.0.1;
						ProvisioningStyle = Automatic;
					};
				};
			};
			buildConfigurationList = C1755D181F959EB1002DE747 /* Build configuration list for PBXProject "patient" */;
			compatibilityVersion = "Xcode 8.0";
			developmentRegion = en;
			hasScannedForEncodings = 0;
			knownRegions = (
				en,
				Base,
			);
			mainGroup = C1755D141F959EB1002DE747;
			productRefGroup = C1755D1E1F959EB1002DE747 /* Products */;
			projectDirPath = "";
			projectRoot = "";
			targets = (
				C1755D1C1F959EB1002DE747 /* patient */,
			);
		};
/* End PBXProject section */

/* Begin PBXResourcesBuildPhase section */
		C1755D1B1F959EB1002DE747 /* Resources */ = {
			isa = PBXResourcesBuildPhase;
			buildActionMask = 2147483647;
			files = (
				C1755D2B1F959EB1002DE747 /* LaunchScreen.storyboard in Resources */,
				C12E7C711FA640C8007A81BB /* Assets.xcassets in Resources */,
				C1755D261F959EB1002DE747 /* Main.storyboard in Resources */,
			);
			runOnlyForDeploymentPostprocessing = 0;
		};
/* End PBXResourcesBuildPhase section */

/* Begin PBXSourcesBuildPhase section */
		C1755D191F959EB1002DE747 /* Sources */ = {
			isa = PBXSourcesBuildPhase;
			buildActionMask = 2147483647;
			files = (
				C12E7C731FA65450007A81BB /* calendarViewController.swift in Sources */,
				C1B1ED0E1FA41E2C008083F9 /* medicationViewController.swift in Sources */,
				C1610E561FAF94A900FD7D30 /* CustomCell.swift in Sources */,
				C19CB6831FA9259900FB807E /* thViewController.swift in Sources */,
				C1755D231F959EB1002DE747 /* WelcomeViewController.swift in Sources */,
				C1B1ED0C1FA41E1C008083F9 /* activityViewController.swift in Sources */,
				C1806E3A1F95AB7B003FC235 /* todayViewController.swift in Sources */,
				C1B1ED0A1FA41DE1008083F9 /* pamViewController.swift in Sources */,
				C1755D211F959EB1002DE747 /* AppDelegate.swift in Sources */,
				C1806E3C1F95AB8E003FC235 /* historyViewController.swift in Sources */,
				C12E7C751FA654BF007A81BB /* trendsViewController.swift in Sources */,
			);
			runOnlyForDeploymentPostprocessing = 0;
		};
/* End PBXSourcesBuildPhase section */

/* Begin PBXVariantGroup section */
		C1755D241F959EB1002DE747 /* Main.storyboard */ = {
			isa = PBXVariantGroup;
			children = (
				C1755D251F959EB1002DE747 /* Base */,
			);
			name = Main.storyboard;
			sourceTree = "<group>";
		};
		C1755D291F959EB1002DE747 /* LaunchScreen.storyboard */ = {
			isa = PBXVariantGroup;
			children = (
				C1755D2A1F959EB1002DE747 /* Base */,
			);
			name = LaunchScreen.storyboard;
			sourceTree = "<group>";
		};
/* End PBXVariantGroup section */

/* Begin XCBuildConfiguration section */
		C1755D2D1F959EB1002DE747 /* Debug */ = {
			isa = XCBuildConfiguration;
			buildSettings = {
				ALWAYS_SEARCH_USER_PATHS = NO;
				CLANG_ANALYZER_NONNULL = YES;
				CLANG_ANALYZER_NUMBER_OBJECT_CONVERSION = YES_AGGRESSIVE;
				CLANG_CXX_LANGUAGE_STANDARD = "gnu++14";
				CLANG_CXX_LIBRARY = "libc++";
				CLANG_ENABLE_MODULES = YES;
				CLANG_ENABLE_OBJC_ARC = YES;
				CLANG_WARN_BLOCK_CAPTURE_AUTORELEASING = YES;
				CLANG_WARN_BOOL_CONVERSION = YES;
				CLANG_WARN_COMMA = YES;
				CLANG_WARN_CONSTANT_CONVERSION = YES;
				CLANG_WARN_DIRECT_OBJC_ISA_USAGE = YES_ERROR;
				CLANG_WARN_DOCUMENTATION_COMMENTS = YES;
				CLANG_WARN_EMPTY_BODY = YES;
				CLANG_WARN_ENUM_CONVERSION = YES;
				CLANG_WARN_INFINITE_RECURSION = YES;
				CLANG_WARN_INT_CONVERSION = YES;
				CLANG_WARN_NON_LITERAL_NULL_CONVERSION = YES;
				CLANG_WARN_OBJC_LITERAL_CONVERSION = YES;
				CLANG_WARN_OBJC_ROOT_CLASS = YES_ERROR;
				CLANG_WARN_RANGE_LOOP_ANALYSIS = YES;
				CLANG_WARN_STRICT_PROTOTYPES = YES;
				CLANG_WARN_SUSPICIOUS_MOVE = YES;
				CLANG_WARN_UNGUARDED_AVAILABILITY = YES_AGGRESSIVE;
				CLANG_WARN_UNREACHABLE_CODE = YES;
				CLANG_WARN__DUPLICATE_METHOD_MATCH = YES;
				CODE_SIGN_IDENTITY = "iPhone Developer";
				COPY_PHASE_STRIP = NO;
				DEBUG_INFORMATION_FORMAT = dwarf;
				ENABLE_STRICT_OBJC_MSGSEND = YES;
				ENABLE_TESTABILITY = YES;
				GCC_C_LANGUAGE_STANDARD = gnu11;
				GCC_DYNAMIC_NO_PIC = NO;
				GCC_NO_COMMON_BLOCKS = YES;
				GCC_OPTIMIZATION_LEVEL = 0;
				GCC_PREPROCESSOR_DEFINITIONS = (
					"DEBUG=1",
					"$(inherited)",
				);
				GCC_WARN_64_TO_32_BIT_CONVERSION = YES;
				GCC_WARN_ABOUT_RETURN_TYPE = YES_ERROR;
				GCC_WARN_UNDECLARED_SELECTOR = YES;
				GCC_WARN_UNINITIALIZED_AUTOS = YES_AGGRESSIVE;
				GCC_WARN_UNUSED_FUNCTION = YES;
				GCC_WARN_UNUSED_VARIABLE = YES;
				IPHONEOS_DEPLOYMENT_TARGET = 11.0;
				MTL_ENABLE_DEBUG_INFO = YES;
				ONLY_ACTIVE_ARCH = YES;
				SDKROOT = iphoneos;
				SWIFT_ACTIVE_COMPILATION_CONDITIONS = DEBUG;
				SWIFT_OPTIMIZATION_LEVEL = "-Onone";
			};
			name = Debug;
		};
		C1755D2E1F959EB1002DE747 /* Release */ = {
			isa = XCBuildConfiguration;
			buildSettings = {
				ALWAYS_SEARCH_USER_PATHS = NO;
				CLANG_ANALYZER_NONNULL = YES;
				CLANG_ANALYZER_NUMBER_OBJECT_CONVERSION = YES_AGGRESSIVE;
				CLANG_CXX_LANGUAGE_STANDARD = "gnu++14";
				CLANG_CXX_LIBRARY = "libc++";
				CLANG_ENABLE_MODULES = YES;
				CLANG_ENABLE_OBJC_ARC = YES;
				CLANG_WARN_BLOCK_CAPTURE_AUTORELEASING = YES;
				CLANG_WARN_BOOL_CONVERSION = YES;
				CLANG_WARN_COMMA = YES;
				CLANG_WARN_CONSTANT_CONVERSION = YES;
				CLANG_WARN_DIRECT_OBJC_ISA_USAGE = YES_ERROR;
				CLANG_WARN_DOCUMENTATION_COMMENTS = YES;
				CLANG_WARN_EMPTY_BODY = YES;
				CLANG_WARN_ENUM_CONVERSION = YES;
				CLANG_WARN_INFINITE_RECURSION = YES;
				CLANG_WARN_INT_CONVERSION = YES;
				CLANG_WARN_NON_LITERAL_NULL_CONVERSION = YES;
				CLANG_WARN_OBJC_LITERAL_CONVERSION = YES;
				CLANG_WARN_OBJC_ROOT_CLASS = YES_ERROR;
				CLANG_WARN_RANGE_LOOP_ANALYSIS = YES;
				CLANG_WARN_STRICT_PROTOTYPES = YES;
				CLANG_WARN_SUSPICIOUS_MOVE = YES;
				CLANG_WARN_UNGUARDED_AVAILABILITY = YES_AGGRESSIVE;
				CLANG_WARN_UNREACHABLE_CODE = YES;
				CLANG_WARN__DUPLICATE_METHOD_MATCH = YES;
				CODE_SIGN_IDENTITY = "iPhone Developer";
				COPY_PHASE_STRIP = NO;
				DEBUG_INFORMATION_FORMAT = "dwarf-with-dsym";
				ENABLE_NS_ASSERTIONS = NO;
				ENABLE_STRICT_OBJC_MSGSEND = YES;
				GCC_C_LANGUAGE_STANDARD = gnu11;
				GCC_NO_COMMON_BLOCKS = YES;
				GCC_WARN_64_TO_32_BIT_CONVERSION = YES;
				GCC_WARN_ABOUT_RETURN_TYPE = YES_ERROR;
				GCC_WARN_UNDECLARED_SELECTOR = YES;
				GCC_WARN_UNINITIALIZED_AUTOS = YES_AGGRESSIVE;
				GCC_WARN_UNUSED_FUNCTION = YES;
				GCC_WARN_UNUSED_VARIABLE = YES;
				IPHONEOS_DEPLOYMENT_TARGET = 11.0;
				MTL_ENABLE_DEBUG_INFO = NO;
				SDKROOT = iphoneos;
				SWIFT_OPTIMIZATION_LEVEL = "-Owholemodule";
				VALIDATE_PRODUCT = YES;
			};
			name = Release;
		};
		C1755D301F959EB1002DE747 /* Debug */ = {
			isa = XCBuildConfiguration;
			buildSettings = {
				ASSETCATALOG_COMPILER_APPICON_NAME = AppIcon;
				CODE_SIGN_STYLE = Automatic;
				FRAMEWORK_SEARCH_PATHS = (
					"$(inherited)",
					"$(PROJECT_DIR)/Carthage/Build/iOS",
				);
				INFOPLIST_FILE = patient/Info.plist;
				LD_RUNPATH_SEARCH_PATHS = "$(inherited) @executable_path/Frameworks";
				PRODUCT_BUNDLE_IDENTIFIER = lxh.patient;
				PRODUCT_NAME = "$(TARGET_NAME)";
				SWIFT_VERSION = 4.0;
				TARGETED_DEVICE_FAMILY = "1,2";
			};
			name = Debug;
		};
		C1755D311F959EB1002DE747 /* Release */ = {
			isa = XCBuildConfiguration;
			buildSettings = {
				ASSETCATALOG_COMPILER_APPICON_NAME = AppIcon;
				CODE_SIGN_STYLE = Automatic;
				FRAMEWORK_SEARCH_PATHS = (
					"$(inherited)",
					"$(PROJECT_DIR)/Carthage/Build/iOS",
				);
				INFOPLIST_FILE = patient/Info.plist;
				LD_RUNPATH_SEARCH_PATHS = "$(inherited) @executable_path/Frameworks";
				PRODUCT_BUNDLE_IDENTIFIER = lxh.patient;
				PRODUCT_NAME = "$(TARGET_NAME)";
				SWIFT_VERSION = 4.0;
				TARGETED_DEVICE_FAMILY = "1,2";
			};
			name = Release;
		};
/* End XCBuildConfiguration section */

/* Begin XCConfigurationList section */
		C1755D181F959EB1002DE747 /* Build configuration list for PBXProject "patient" */ = {
			isa = XCConfigurationList;
			buildConfigurations = (
				C1755D2D1F959EB1002DE747 /* Debug */,
				C1755D2E1F959EB1002DE747 /* Release */,
			);
			defaultConfigurationIsVisible = 0;
			defaultConfigurationName = Release;
		};
		C1755D2F1F959EB1002DE747 /* Build configuration list for PBXNativeTarget "patient" */ = {
			isa = XCConfigurationList;
			buildConfigurations = (
				C1755D301F959EB1002DE747 /* Debug */,
				C1755D311F959EB1002DE747 /* Release */,
			);
			defaultConfigurationIsVisible = 0;
			defaultConfigurationName = Release;
		};
/* End XCConfigurationList section */
	};
	rootObject = C1755D151F959EB1002DE747 /* Project object */;
}
